
Microsoft Visual Studio Solution File, Format Version 12.00
# Visual Studio Version 17
VisualStudioVersion = 17.4.33403.182
MinimumVisualStudioVersion = 10.0.40219.1
Project("{FAE04EC0-301F-11D3-BF4B-00C04F79EFBC}") = "Heracles", "Heracles\Heracles.csproj", "{3A6E3C2D-9139-47CB-9629-7EF9CA0FD4E6}"
EndProject
Global
	GlobalSection(SolutionConfigurationPlatforms) = preSolution
		Debug|Any CPU = Debug|Any CPU
		Release|Any CPU = Release|Any CPU
	EndGlobalSection
	GlobalSection(ProjectConfigurationPlatforms) = postSolution
		{3A6E3C2D-9139-47CB-9629-7EF9CA0FD4E6}.Debug|Any CPU.ActiveCfg = Debug|Any CPU
		{3A6E3C2D-9139-47CB-9629-7EF9CA0FD4E6}.Debug|Any CPU.Build.0 = Debug|Any CPU
		{3A6E3C2D-9139-47CB-9629-7EF9CA0FD4E6}.Release|Any CPU.ActiveCfg = Release|Any CPU
		{3A6E3C2D-9139-47CB-9629-7EF9CA0FD4E6}.Release|Any CPU.Build.0 = Release|Any CPU
	EndGlobalSection
	GlobalSection(SolutionProperties) = preSolution
		HideSolutionNode = FALSE
	EndGlobalSection
	GlobalSection(ExtensibilityGlobals) = postSolution
		SolutionGuid = {95316A1A-F54E-4D67-97A7-FD3C337FC99D}
	EndGlobalSection
EndGlobal
